
Microsoft Visual Studio Solution File, Format Version 12.00
# Visual Studio Version 17
VisualStudioVersion = 17.6.33815.320
MinimumVisualStudioVersion = 10.0.40219.1
Project("{FAE04EC0-301F-11D3-BF4B-00C04F79EFBC}") = "ConsoleBased1", "ConsoleBased1\ConsoleBased1.csproj", "{E9028B7E-8F2B-4C7A-A313-1855A2EB7272}"
EndProject
Global
	GlobalSection(SolutionConfigurationPlatforms) = preSolution
		Debug|Any CPU = Debug|Any CPU
		Release|Any CPU = Release|Any CPU
	EndGlobalSection
	GlobalSection(ProjectConfigurationPlatforms) = postSolution
		{E9028B7E-8F2B-4C7A-A313-1855A2EB7272}.Debug|Any CPU.ActiveCfg = Debug|Any CPU
		{E9028B7E-8F2B-4C7A-A313-1855A2EB7272}.Debug|Any CPU.Build.0 = Debug|Any CPU
		{E9028B7E-8F2B-4C7A-A313-1855A2EB7272}.Release|Any CPU.ActiveCfg = Release|Any CPU
		{E9028B7E-8F2B-4C7A-A313-1855A2EB7272}.Release|Any CPU.Build.0 = Release|Any CPU
	EndGlobalSection
	GlobalSection(SolutionProperties) = preSolution
		HideSolutionNode = FALSE
	EndGlobalSection
	GlobalSection(ExtensibilityGlobals) = postSolution
		SolutionGuid = {D9BDF656-348E-44D4-A788-98A754C85808}
	EndGlobalSection
EndGlobal
