
Microsoft Visual Studio Solution File, Format Version 12.00
# Visual Studio Version 17
VisualStudioVersion = 17.6.33815.320
MinimumVisualStudioVersion = 10.0.40219.1
Project("{9A19103F-16F7-4668-BE54-9A1E7A4F7556}") = "EmployeeInheritance", "EmployeeInheritance\EmployeeInheritance.csproj", "{3DB14405-5C6B-41DA-9CD8-80A2A6BAA66A}"
EndProject
Project("{9A19103F-16F7-4668-BE54-9A1E7A4F7556}") = "CDACarray", "CDACarray\CDACarray.csproj", "{F107BF48-6632-4930-BACC-BC78701C0157}"
EndProject
Project("{FAE04EC0-301F-11D3-BF4B-00C04F79EFBC}") = "EmployeeArray", "EmployeeArray\EmployeeArray.csproj", "{5A62BDB1-971A-4177-A00B-C75CE6609779}"
EndProject
Global
	GlobalSection(SolutionConfigurationPlatforms) = preSolution
		Debug|Any CPU = Debug|Any CPU
		Release|Any CPU = Release|Any CPU
	EndGlobalSection
	GlobalSection(ProjectConfigurationPlatforms) = postSolution
		{3DB14405-5C6B-41DA-9CD8-80A2A6BAA66A}.Debug|Any CPU.ActiveCfg = Debug|Any CPU
		{3DB14405-5C6B-41DA-9CD8-80A2A6BAA66A}.Debug|Any CPU.Build.0 = Debug|Any CPU
		{3DB14405-5C6B-41DA-9CD8-80A2A6BAA66A}.Release|Any CPU.ActiveCfg = Release|Any CPU
		{3DB14405-5C6B-41DA-9CD8-80A2A6BAA66A}.Release|Any CPU.Build.0 = Release|Any CPU
		{F107BF48-6632-4930-BACC-BC78701C0157}.Debug|Any CPU.ActiveCfg = Debug|Any CPU
		{F107BF48-6632-4930-BACC-BC78701C0157}.Debug|Any CPU.Build.0 = Debug|Any CPU
		{F107BF48-6632-4930-BACC-BC78701C0157}.Release|Any CPU.ActiveCfg = Release|Any CPU
		{F107BF48-6632-4930-BACC-BC78701C0157}.Release|Any CPU.Build.0 = Release|Any CPU
		{5A62BDB1-971A-4177-A00B-C75CE6609779}.Debug|Any CPU.ActiveCfg = Debug|Any CPU
		{5A62BDB1-971A-4177-A00B-C75CE6609779}.Debug|Any CPU.Build.0 = Debug|Any CPU
		{5A62BDB1-971A-4177-A00B-C75CE6609779}.Release|Any CPU.ActiveCfg = Release|Any CPU
		{5A62BDB1-971A-4177-A00B-C75CE6609779}.Release|Any CPU.Build.0 = Release|Any CPU
	EndGlobalSection
	GlobalSection(SolutionProperties) = preSolution
		HideSolutionNode = FALSE
	EndGlobalSection
	GlobalSection(ExtensibilityGlobals) = postSolution
		SolutionGuid = {1DACEBCE-4C22-46F1-B84B-5146BDE37059}
	EndGlobalSection
EndGlobal
